
Microsoft Visual Studio Solution File, Format Version 12.00
# Visual Studio Version 17
VisualStudioVersion = 17.4.33103.184
MinimumVisualStudioVersion = 10.0.40219.1
Project("{FAE04EC0-301F-11D3-BF4B-00C04F79EFBC}") = "HkvsRecordDemo", "HkvsRecordDemo\HkvsRecordDemo.csproj", "{6693CE2C-6429-42F4-A58B-22607AE4B336}"
	ProjectSection(ProjectDependencies) = postProject
		{EB31AC99-81AF-4671-8A6D-107AB186AF71} = {EB31AC99-81AF-4671-8A6D-107AB186AF71}
	EndProjectSection
EndProject
Project("{FAE04EC0-301F-11D3-BF4B-00C04F79EFBC}") = "CameraToolkits", "CameraToolkits\CameraToolkits.csproj", "{EB31AC99-81AF-4671-8A6D-107AB186AF71}"
EndProject
Global
	GlobalSection(SolutionConfigurationPlatforms) = preSolution
		Debug|Any CPU = Debug|Any CPU
		Release|Any CPU = Release|Any CPU
	EndGlobalSection
	GlobalSection(ProjectConfigurationPlatforms) = postSolution
		{6693CE2C-6429-42F4-A58B-22607AE4B336}.Debug|Any CPU.ActiveCfg = Debug|Any CPU
		{6693CE2C-6429-42F4-A58B-22607AE4B336}.Debug|Any CPU.Build.0 = Debug|Any CPU
		{6693CE2C-6429-42F4-A58B-22607AE4B336}.Release|Any CPU.ActiveCfg = Release|Any CPU
		{6693CE2C-6429-42F4-A58B-22607AE4B336}.Release|Any CPU.Build.0 = Release|Any CPU
		{EB31AC99-81AF-4671-8A6D-107AB186AF71}.Debug|Any CPU.ActiveCfg = Debug|Any CPU
		{EB31AC99-81AF-4671-8A6D-107AB186AF71}.Debug|Any CPU.Build.0 = Debug|Any CPU
		{EB31AC99-81AF-4671-8A6D-107AB186AF71}.Release|Any CPU.ActiveCfg = Release|Any CPU
		{EB31AC99-81AF-4671-8A6D-107AB186AF71}.Release|Any CPU.Build.0 = Release|Any CPU
	EndGlobalSection
	GlobalSection(SolutionProperties) = preSolution
		HideSolutionNode = FALSE
	EndGlobalSection
	GlobalSection(ExtensibilityGlobals) = postSolution
		SolutionGuid = {D28914C0-AA0A-43C1-916C-001850A0D074}
	EndGlobalSection
EndGlobal
